
Microsoft Visual Studio Solution File, Format Version 12.00
# Visual Studio Version 17
VisualStudioVersion = 17.6.33815.320
MinimumVisualStudioVersion = 10.0.40219.1
Project("{FAE04EC0-301F-11D3-BF4B-00C04F79EFBC}") = "cdev_mod10", "cdev_mod10\cdev_mod10.csproj", "{B49D10DE-EE2A-425B-8055-C5C6B7335D3D}"
EndProject
Global
	GlobalSection(SolutionConfigurationPlatforms) = preSolution
		Debug|Any CPU = Debug|Any CPU
		Release|Any CPU = Release|Any CPU
	EndGlobalSection
	GlobalSection(ProjectConfigurationPlatforms) = postSolution
		{B49D10DE-EE2A-425B-8055-C5C6B7335D3D}.Debug|Any CPU.ActiveCfg = Debug|Any CPU
		{B49D10DE-EE2A-425B-8055-C5C6B7335D3D}.Debug|Any CPU.Build.0 = Debug|Any CPU
		{B49D10DE-EE2A-425B-8055-C5C6B7335D3D}.Release|Any CPU.ActiveCfg = Release|Any CPU
		{B49D10DE-EE2A-425B-8055-C5C6B7335D3D}.Release|Any CPU.Build.0 = Release|Any CPU
	EndGlobalSection
	GlobalSection(SolutionProperties) = preSolution
		HideSolutionNode = FALSE
	EndGlobalSection
	GlobalSection(ExtensibilityGlobals) = postSolution
		SolutionGuid = {915C2B66-74BA-4683-B2D1-68C007EBA749}
	EndGlobalSection
EndGlobal
